
Microsoft Visual Studio Solution File, Format Version 12.00
# Visual Studio Version 16
VisualStudioVersion = 16.0.31729.503
MinimumVisualStudioVersion = 10.0.40219.1
Project("{FAE04EC0-301F-11D3-BF4B-00C04F79EFBC}") = "TimeTable.UWP", "TimeTable.UWP\TimeTable.UWP.csproj", "{730ADB51-38A6-4537-817B-C4EB9EC267AE}"
EndProject
Project("{FAE04EC0-301F-11D3-BF4B-00C04F79EFBC}") = "TimeTable.Android", "TimeTable.Android\TimeTable.Android.csproj", "{77FF8FE5-210D-4EB1-B347-94FA3AB61DC3}"
EndProject
Project("{FAE04EC0-301F-11D3-BF4B-00C04F79EFBC}") = "TimeTable.iOS", "TimeTable.iOS\TimeTable.iOS.csproj", "{9D7DEEF7-C3E1-41E5-AF87-F84ED9C4648A}"
EndProject
Project("{9A19103F-16F7-4668-BE54-9A1E7A4F7556}") = "TimeTable", "TimeTable\TimeTable.csproj", "{C564C686-A5FB-47F2-A9C3-D6676BD97809}"
EndProject
Global
	GlobalSection(SolutionConfigurationPlatforms) = preSolution
		Debug|Any CPU = Debug|Any CPU
		Debug|ARM = Debug|ARM
		Debug|iPhone = Debug|iPhone
		Debug|iPhoneSimulator = Debug|iPhoneSimulator
		Debug|x64 = Debug|x64
		Debug|x86 = Debug|x86
		Release|Any CPU = Release|Any CPU
		Release|ARM = Release|ARM
		Release|iPhone = Release|iPhone
		Release|iPhoneSimulator = Release|iPhoneSimulator
		Release|x64 = Release|x64
		Release|x86 = Release|x86
	EndGlobalSection
	GlobalSection(ProjectConfigurationPlatforms) = postSolution
		{730ADB51-38A6-4537-817B-C4EB9EC267AE}.Debug|Any CPU.ActiveCfg = Debug|x86
		{730ADB51-38A6-4537-817B-C4EB9EC267AE}.Debug|Any CPU.Build.0 = Debug|x86
		{730ADB51-38A6-4537-817B-C4EB9EC267AE}.Debug|Any CPU.Deploy.0 = Debug|x86
		{730ADB51-38A6-4537-817B-C4EB9EC267AE}.Debug|ARM.ActiveCfg = Debug|ARM
		{730ADB51-38A6-4537-817B-C4EB9EC267AE}.Debug|ARM.Build.0 = Debug|ARM
		{730ADB51-38A6-4537-817B-C4EB9EC267AE}.Debug|ARM.Deploy.0 = Debug|ARM
		{730ADB51-38A6-4537-817B-C4EB9EC267AE}.Debug|iPhone.ActiveCfg = Debug|x86
		{730ADB51-38A6-4537-817B-C4EB9EC267AE}.Debug|iPhone.Build.0 = Debug|x86
		{730ADB51-38A6-4537-817B-C4EB9EC267AE}.Debug|iPhone.Deploy.0 = Debug|x86
		{730ADB51-38A6-4537-817B-C4EB9EC267AE}.Debug|iPhoneSimulator.ActiveCfg = Debug|x86
		{730ADB51-38A6-4537-817B-C4EB9EC267AE}.Debug|iPhoneSimulator.Build.0 = Debug|x86
		{730ADB51-38A6-4537-817B-C4EB9EC267AE}.Debug|iPhoneSimulator.Deploy.0 = Debug|x86
		{730ADB51-38A6-4537-817B-C4EB9EC267AE}.Debug|x64.ActiveCfg = Debug|x64
		{730ADB51-38A6-4537-817B-C4EB9EC267AE}.Debug|x64.Build.0 = Debug|x64
		{730ADB51-38A6-4537-817B-C4EB9EC267AE}.Debug|x64.Deploy.0 = Debug|x64
		{730ADB51-38A6-4537-817B-C4EB9EC267AE}.Debug|x86.ActiveCfg = Debug|x86
		{730ADB51-38A6-4537-817B-C4EB9EC267AE}.Debug|x86.Build.0 = Debug|x86
		{730ADB51-38A6-4537-817B-C4EB9EC267AE}.Debug|x86.Deploy.0 = Debug|x86
		{730ADB51-38A6-4537-817B-C4EB9EC267AE}.Release|Any CPU.ActiveCfg = Release|x86
		{730ADB51-38A6-4537-817B-C4EB9EC267AE}.Release|Any CPU.Build.0 = Release|x86
		{730ADB51-38A6-4537-817B-C4EB9EC267AE}.Release|Any CPU.Deploy.0 = Release|x86
		{730ADB51-38A6-4537-817B-C4EB9EC267AE}.Release|ARM.ActiveCfg = Release|ARM
		{730ADB51-38A6-4537-817B-C4EB9EC267AE}.Release|ARM.Build.0 = Release|ARM
		{730ADB51-38A6-4537-817B-C4EB9EC267AE}.Release|ARM.Deploy.0 = Release|ARM
		{730ADB51-38A6-4537-817B-C4EB9EC267AE}.Release|iPhone.ActiveCfg = Release|x86
		{730ADB51-38A6-4537-817B-C4EB9EC267AE}.Release|iPhone.Build.0 = Release|x86
		{730ADB51-38A6-4537-817B-C4EB9EC267AE}.Release|iPhone.Deploy.0 = Release|x86
		{730ADB51-38A6-4537-817B-C4EB9EC267AE}.Release|iPhoneSimulator.ActiveCfg = Release|x86
		{730ADB51-38A6-4537-817B-C4EB9EC267AE}.Release|iPhoneSimulator.Build.0 = Release|x86
		{730ADB51-38A6-4537-817B-C4EB9EC267AE}.Release|iPhoneSimulator.Deploy.0 = Release|x86
		{730ADB51-38A6-4537-817B-C4EB9EC267AE}.Release|x64.ActiveCfg = Release|x64
		{730ADB51-38A6-4537-817B-C4EB9EC267AE}.Release|x64.Build.0 = Release|x64
		{730ADB51-38A6-4537-817B-C4EB9EC267AE}.Release|x64.Deploy.0 = Release|x64
		{730ADB51-38A6-4537-817B-C4EB9EC267AE}.Release|x86.ActiveCfg = Release|x86
		{730ADB51-38A6-4537-817B-C4EB9EC267AE}.Release|x86.Build.0 = Release|x86
		{730ADB51-38A6-4537-817B-C4EB9EC267AE}.Release|x86.Deploy.0 = Release|x86
		{77FF8FE5-210D-4EB1-B347-94FA3AB61DC3}.Debug|Any CPU.ActiveCfg = Debug|Any CPU
		{77FF8FE5-210D-4EB1-B347-94FA3AB61DC3}.Debug|Any CPU.Build.0 = Debug|Any CPU
		{77FF8FE5-210D-4EB1-B347-94FA3AB61DC3}.Debug|Any CPU.Deploy.0 = Debug|Any CPU
		{77FF8FE5-210D-4EB1-B347-94FA3AB61DC3}.Debug|ARM.ActiveCfg = Debug|Any CPU
		{77FF8FE5-210D-4EB1-B347-94FA3AB61DC3}.Debug|ARM.Build.0 = Debug|Any CPU
		{77FF8FE5-210D-4EB1-B347-94FA3AB61DC3}.Debug|ARM.Deploy.0 = Debug|Any CPU
		{77FF8FE5-210D-4EB1-B347-94FA3AB61DC3}.Debug|iPhone.ActiveCfg = Debug|Any CPU
		{77FF8FE5-210D-4EB1-B347-94FA3AB61DC3}.Debug|iPhone.Build.0 = Debug|Any CPU
		{77FF8FE5-210D-4EB1-B347-94FA3AB61DC3}.Debug|iPhone.Deploy.0 = Debug|Any CPU
		{77FF8FE5-210D-4EB1-B347-94FA3AB61DC3}.Debug|iPhoneSimulator.ActiveCfg = Debug|Any CPU
		{77FF8FE5-210D-4EB1-B347-94FA3AB61DC3}.Debug|iPhoneSimulator.Build.0 = Debug|Any CPU
		{77FF8FE5-210D-4EB1-B347-94FA3AB61DC3}.Debug|iPhoneSimulator.Deploy.0 = Debug|Any CPU
		{77FF8FE5-210D-4EB1-B347-94FA3AB61DC3}.Debug|x64.ActiveCfg = Debug|Any CPU
		{77FF8FE5-210D-4EB1-B347-94FA3AB61DC3}.Debug|x64.Build.0 = Debug|Any CPU
		{77FF8FE5-210D-4EB1-B347-94FA3AB61DC3}.Debug|x64.Deploy.0 = Debug|Any CPU
		{77FF8FE5-210D-4EB1-B347-94FA3AB61DC3}.Debug|x86.ActiveCfg = Debug|Any CPU
		{77FF8FE5-210D-4EB1-B347-94FA3AB61DC3}.Debug|x86.Build.0 = Debug|Any CPU
		{77FF8FE5-210D-4EB1-B347-94FA3AB61DC3}.Debug|x86.Deploy.0 = Debug|Any CPU
		{77FF8FE5-210D-4EB1-B347-94FA3AB61DC3}.Release|Any CPU.ActiveCfg = Release|Any CPU
		{77FF8FE5-210D-4EB1-B347-94FA3AB61DC3}.Release|Any CPU.Build.0 = Release|Any CPU
		{77FF8FE5-210D-4EB1-B347-94FA3AB61DC3}.Release|Any CPU.Deploy.0 = Release|Any CPU
		{77FF8FE5-210D-4EB1-B347-94FA3AB61DC3}.Release|ARM.ActiveCfg = Release|Any CPU
		{77FF8FE5-210D-4EB1-B347-94FA3AB61DC3}.Release|ARM.Build.0 = Release|Any CPU
		{77FF8FE5-210D-4EB1-B347-94FA3AB61DC3}.Release|ARM.Deploy.0 = Release|Any CPU
		{77FF8FE5-210D-4EB1-B347-94FA3AB61DC3}.Release|iPhone.ActiveCfg = Release|Any CPU
		{77FF8FE5-210D-4EB1-B347-94FA3AB61DC3}.Release|iPhone.Build.0 = Release|Any CPU
		{77FF8FE5-210D-4EB1-B347-94FA3AB61DC3}.Release|iPhone.Deploy.0 = Release|Any CPU
		{77FF8FE5-210D-4EB1-B347-94FA3AB61DC3}.Release|iPhoneSimulator.ActiveCfg = Release|Any CPU
		{77FF8FE5-210D-4EB1-B347-94FA3AB61DC3}.Release|iPhoneSimulator.Build.0 = Release|Any CPU
		{77FF8FE5-210D-4EB1-B347-94FA3AB61DC3}.Release|iPhoneSimulator.Deploy.0 = Release|Any CPU
		{77FF8FE5-210D-4EB1-B347-94FA3AB61DC3}.Release|x64.ActiveCfg = Release|Any CPU
		{77FF8FE5-210D-4EB1-B347-94FA3AB61DC3}.Release|x64.Build.0 = Release|Any CPU
		{77FF8FE5-210D-4EB1-B347-94FA3AB61DC3}.Release|x64.Deploy.0 = Release|Any CPU
		{77FF8FE5-210D-4EB1-B347-94FA3AB61DC3}.Release|x86.ActiveCfg = Release|Any CPU
		{77FF8FE5-210D-4EB1-B347-94FA3AB61DC3}.Release|x86.Build.0 = Release|Any CPU
		{77FF8FE5-210D-4EB1-B347-94FA3AB61DC3}.Release|x86.Deploy.0 = Release|Any CPU
		{9D7DEEF7-C3E1-41E5-AF87-F84ED9C4648A}.Debug|Any CPU.ActiveCfg = Debug|iPhoneSimulator
		{9D7DEEF7-C3E1-41E5-AF87-F84ED9C4648A}.Debug|Any CPU.Build.0 = Debug|iPhoneSimulator
		{9D7DEEF7-C3E1-41E5-AF87-F84ED9C4648A}.Debug|Any CPU.Deploy.0 = Debug|iPhoneSimulator
		{9D7DEEF7-C3E1-41E5-AF87-F84ED9C4648A}.Debug|ARM.ActiveCfg = Debug|iPhone
		{9D7DEEF7-C3E1-41E5-AF87-F84ED9C4648A}.Debug|ARM.Build.0 = Debug|iPhone
		{9D7DEEF7-C3E1-41E5-AF87-F84ED9C4648A}.Debug|ARM.Deploy.0 = Debug|iPhone
		{9D7DEEF7-C3E1-41E5-AF87-F84ED9C4648A}.Debug|iPhone.ActiveCfg = Debug|iPhone
		{9D7DEEF7-C3E1-41E5-AF87-F84ED9C4648A}.Debug|iPhone.Build.0 = Debug|iPhone
		{9D7DEEF7-C3E1-41E5-AF87-F84ED9C4648A}.Debug|iPhone.Deploy.0 = Debug|iPhone
		{9D7DEEF7-C3E1-41E5-AF87-F84ED9C4648A}.Debug|iPhoneSimulator.ActiveCfg = Debug|iPhoneSimulator
		{9D7DEEF7-C3E1-41E5-AF87-F84ED9C4648A}.Debug|iPhoneSimulator.Build.0 = Debug|iPhoneSimulator
		{9D7DEEF7-C3E1-41E5-AF87-F84ED9C4648A}.Debug|iPhoneSimulator.Deploy.0 = Debug|iPhoneSimulator
		{9D7DEEF7-C3E1-41E5-AF87-F84ED9C4648A}.Debug|x64.ActiveCfg = Debug|iPhoneSimulator
		{9D7DEEF7-C3E1-41E5-AF87-F84ED9C4648A}.Debug|x64.Build.0 = Debug|iPhoneSimulator
		{9D7DEEF7-C3E1-41E5-AF87-F84ED9C4648A}.Debug|x64.Deploy.0 = Debug|iPhoneSimulator
		{9D7DEEF7-C3E1-41E5-AF87-F84ED9C4648A}.Debug|x86.ActiveCfg = Debug|iPhoneSimulator
		{9D7DEEF7-C3E1-41E5-AF87-F84ED9C4648A}.Debug|x86.Build.0 = Debug|iPhoneSimulator
		{9D7DEEF7-C3E1-41E5-AF87-F84ED9C4648A}.Debug|x86.Deploy.0 = Debug|iPhoneSimulator
		{9D7DEEF7-C3E1-41E5-AF87-F84ED9C4648A}.Release|Any CPU.ActiveCfg = Release|iPhoneSimulator
		{9D7DEEF7-C3E1-41E5-AF87-F84ED9C4648A}.Release|Any CPU.Build.0 = Release|iPhoneSimulator
		{9D7DEEF7-C3E1-41E5-AF87-F84ED9C4648A}.Release|Any CPU.Deploy.0 = Release|iPhoneSimulator
		{9D7DEEF7-C3E1-41E5-AF87-F84ED9C4648A}.Release|ARM.ActiveCfg = Release|iPhoneSimulator
		{9D7DEEF7-C3E1-41E5-AF87-F84ED9C4648A}.Release|ARM.Build.0 = Release|iPhoneSimulator
		{9D7DEEF7-C3E1-41E5-AF87-F84ED9C4648A}.Release|ARM.Deploy.0 = Release|iPhoneSimulator
		{9D7DEEF7-C3E1-41E5-AF87-F84ED9C4648A}.Release|iPhone.ActiveCfg = Release|iPhone
		{9D7DEEF7-C3E1-41E5-AF87-F84ED9C4648A}.Release|iPhone.Build.0 = Release|iPhone
		{9D7DEEF7-C3E1-41E5-AF87-F84ED9C4648A}.Release|iPhone.Deploy.0 = Release|iPhone
		{9D7DEEF7-C3E1-41E5-AF87-F84ED9C4648A}.Release|iPhoneSimulator.ActiveCfg = Release|iPhoneSimulator
		{9D7DEEF7-C3E1-41E5-AF87-F84ED9C4648A}.Release|iPhoneSimulator.Build.0 = Release|iPhoneSimulator
		{9D7DEEF7-C3E1-41E5-AF87-F84ED9C4648A}.Release|iPhoneSimulator.Deploy.0 = Release|iPhoneSimulator
		{9D7DEEF7-C3E1-41E5-AF87-F84ED9C4648A}.Release|x64.ActiveCfg = Release|iPhoneSimulator
		{9D7DEEF7-C3E1-41E5-AF87-F84ED9C4648A}.Release|x64.Build.0 = Release|iPhoneSimulator
		{9D7DEEF7-C3E1-41E5-AF87-F84ED9C4648A}.Release|x64.Deploy.0 = Release|iPhoneSimulator
		{9D7DEEF7-C3E1-41E5-AF87-F84ED9C4648A}.Release|x86.ActiveCfg = Release|iPhoneSimulator
		{9D7DEEF7-C3E1-41E5-AF87-F84ED9C4648A}.Release|x86.Build.0 = Release|iPhoneSimulator
		{9D7DEEF7-C3E1-41E5-AF87-F84ED9C4648A}.Release|x86.Deploy.0 = Release|iPhoneSimulator
		{C564C686-A5FB-47F2-A9C3-D6676BD97809}.Debug|Any CPU.ActiveCfg = Debug|Any CPU
		{C564C686-A5FB-47F2-A9C3-D6676BD97809}.Debug|Any CPU.Build.0 = Debug|Any CPU
		{C564C686-A5FB-47F2-A9C3-D6676BD97809}.Debug|Any CPU.Deploy.0 = Debug|Any CPU
		{C564C686-A5FB-47F2-A9C3-D6676BD97809}.Debug|ARM.ActiveCfg = Debug|Any CPU
		{C564C686-A5FB-47F2-A9C3-D6676BD97809}.Debug|ARM.Build.0 = Debug|Any CPU
		{C564C686-A5FB-47F2-A9C3-D6676BD97809}.Debug|ARM.Deploy.0 = Debug|Any CPU
		{C564C686-A5FB-47F2-A9C3-D6676BD97809}.Debug|iPhone.ActiveCfg = Debug|Any CPU
		{C564C686-A5FB-47F2-A9C3-D6676BD97809}.Debug|iPhone.Build.0 = Debug|Any CPU
		{C564C686-A5FB-47F2-A9C3-D6676BD97809}.Debug|iPhone.Deploy.0 = Debug|Any CPU
		{C564C686-A5FB-47F2-A9C3-D6676BD97809}.Debug|iPhoneSimulator.ActiveCfg = Debug|Any CPU
		{C564C686-A5FB-47F2-A9C3-D6676BD97809}.Debug|iPhoneSimulator.Build.0 = Debug|Any CPU
		{C564C686-A5FB-47F2-A9C3-D6676BD97809}.Debug|iPhoneSimulator.Deploy.0 = Debug|Any CPU
		{C564C686-A5FB-47F2-A9C3-D6676BD97809}.Debug|x64.ActiveCfg = Debug|Any CPU
		{C564C686-A5FB-47F2-A9C3-D6676BD97809}.Debug|x64.Build.0 = Debug|Any CPU
		{C564C686-A5FB-47F2-A9C3-D6676BD97809}.Debug|x64.Deploy.0 = Debug|Any CPU
		{C564C686-A5FB-47F2-A9C3-D6676BD97809}.Debug|x86.ActiveCfg = Debug|Any CPU
		{C564C686-A5FB-47F2-A9C3-D6676BD97809}.Debug|x86.Build.0 = Debug|Any CPU
		{C564C686-A5FB-47F2-A9C3-D6676BD97809}.Debug|x86.Deploy.0 = Debug|Any CPU
		{C564C686-A5FB-47F2-A9C3-D6676BD97809}.Release|Any CPU.ActiveCfg = Release|Any CPU
		{C564C686-A5FB-47F2-A9C3-D6676BD97809}.Release|Any CPU.Build.0 = Release|Any CPU
		{C564C686-A5FB-47F2-A9C3-D6676BD97809}.Release|Any CPU.Deploy.0 = Release|Any CPU
		{C564C686-A5FB-47F2-A9C3-D6676BD97809}.Release|ARM.ActiveCfg = Release|Any CPU
		{C564C686-A5FB-47F2-A9C3-D6676BD97809}.Release|ARM.Build.0 = Release|Any CPU
		{C564C686-A5FB-47F2-A9C3-D6676BD97809}.Release|ARM.Deploy.0 = Release|Any CPU
		{C564C686-A5FB-47F2-A9C3-D6676BD97809}.Release|iPhone.ActiveCfg = Release|Any CPU
		{C564C686-A5FB-47F2-A9C3-D6676BD97809}.Release|iPhone.Build.0 = Release|Any CPU
		{C564C686-A5FB-47F2-A9C3-D6676BD97809}.Release|iPhone.Deploy.0 = Release|Any CPU
		{C564C686-A5FB-47F2-A9C3-D6676BD97809}.Release|iPhoneSimulator.ActiveCfg = Release|Any CPU
		{C564C686-A5FB-47F2-A9C3-D6676BD97809}.Release|iPhoneSimulator.Build.0 = Release|Any CPU
		{C564C686-A5FB-47F2-A9C3-D6676BD97809}.Release|iPhoneSimulator.Deploy.0 = Release|Any CPU
		{C564C686-A5FB-47F2-A9C3-D6676BD97809}.Release|x64.ActiveCfg = Release|Any CPU
		{C564C686-A5FB-47F2-A9C3-D6676BD97809}.Release|x64.Build.0 = Release|Any CPU
		{C564C686-A5FB-47F2-A9C3-D6676BD97809}.Release|x64.Deploy.0 = Release|Any CPU
		{C564C686-A5FB-47F2-A9C3-D6676BD97809}.Release|x86.ActiveCfg = Release|Any CPU
		{C564C686-A5FB-47F2-A9C3-D6676BD97809}.Release|x86.Build.0 = Release|Any CPU
		{C564C686-A5FB-47F2-A9C3-D6676BD97809}.Release|x86.Deploy.0 = Release|Any CPU
	EndGlobalSection
	GlobalSection(SolutionProperties) = preSolution
		HideSolutionNode = FALSE
	EndGlobalSection
	GlobalSection(ExtensibilityGlobals) = postSolution
		SolutionGuid = {B3D59D6C-8BB5-4F0C-AFCD-A4F65CD65689}
	EndGlobalSection
EndGlobal
